
Microsoft Visual Studio Solution File, Format Version 12.00
# Visual Studio Version 17
VisualStudioVersion = 17.13.35931.197 d17.13
MinimumVisualStudioVersion = 10.0.40219.1
Project("{FAE04EC0-301F-11D3-BF4B-00C04F79EFBC}") = "Nhom9_DoAnCTDLGT", "Nhom9_DoAnCTDLGT\Nhom9_DoAnCTDLGT.csproj", "{A89B0FE9-BB8E-44CF-AD12-A9272F2AD803}"
EndProject
Global
	GlobalSection(SolutionConfigurationPlatforms) = preSolution
		Debug|Any CPU = Debug|Any CPU
		Release|Any CPU = Release|Any CPU
	EndGlobalSection
	GlobalSection(ProjectConfigurationPlatforms) = postSolution
		{A89B0FE9-BB8E-44CF-AD12-A9272F2AD803}.Debug|Any CPU.ActiveCfg = Debug|Any CPU
		{A89B0FE9-BB8E-44CF-AD12-A9272F2AD803}.Debug|Any CPU.Build.0 = Debug|Any CPU
		{A89B0FE9-BB8E-44CF-AD12-A9272F2AD803}.Release|Any CPU.ActiveCfg = Release|Any CPU
		{A89B0FE9-BB8E-44CF-AD12-A9272F2AD803}.Release|Any CPU.Build.0 = Release|Any CPU
	EndGlobalSection
	GlobalSection(SolutionProperties) = preSolution
		HideSolutionNode = FALSE
	EndGlobalSection
	GlobalSection(ExtensibilityGlobals) = postSolution
		SolutionGuid = {05214EB9-0FB3-4FA1-84CC-EBD889F8EC89}
	EndGlobalSection
EndGlobal
